schema: '2.0'
stages:
  data_ingestion:
    cmd: python src/data_ingestion.py
    deps:
    - path: src/data_ingestion.py
      hash: md5
      md5: cdfa74e62c767bb60cdaf84946a913d3
      size: 2974
    params:
      params.yaml:
        data_ingestion.test_size: 0.2
    outs:
    - path: data/raw
      hash: md5
      md5: df26bfa3c9efbe95d2a3bab5ee13c164.dir
      size: 484846
      nfiles: 2
  data_preprocessing:
    cmd: python src/data_preprocessing.py
    deps:
    - path: data/raw
      hash: md5
      md5: df26bfa3c9efbe95d2a3bab5ee13c164.dir
      size: 484846
      nfiles: 2
    - path: src/data_preprocessing.py
      hash: md5
      md5: a79f458a054b6679985738075e3854cf
      size: 2491
    outs:
    - path: data/interim
      hash: md5
      md5: 099bb54081c54426dd1a5dfee214c1f6.dir
      size: 290539
      nfiles: 2
  feature_engineering:
    cmd: python src/feature_engineering.py
    deps:
    - path: data/interim
      hash: md5
      md5: 099bb54081c54426dd1a5dfee214c1f6.dir
      size: 290539
      nfiles: 2
    - path: src/feature_engineering.py
      hash: md5
      md5: 69770574b49a5336e72d0823daa72f7c
      size: 3124
    params:
      params.yaml:
        feature_engineering.max_features: 50
    outs:
    - path: data/processed
      hash: md5
      md5: fa0ddb94786109795e93e1887d3929f7.dir
      size: 1175917
      nfiles: 2
  model_building:
    cmd: python src/model_building.py
    deps:
    - path: data/processed
      hash: md5
      md5: fa0ddb94786109795e93e1887d3929f7.dir
      size: 1175917
      nfiles: 2
    - path: src/model_building.py
      hash: md5
      md5: 6468c420b6371d68fd06bd7eee29d9d1
      size: 3186
    params:
      params.yaml:
        model_building.n_estimators: 100
        model_building.random_state: 42
    outs:
    - path: models/model.pkl
      hash: md5
      md5: ba353c7000d52dba37125a17eae4046f
      size: 3522169
  model_evaluation:
    cmd: python src/model_evaluation.py
    deps:
    - path: models/model.pkl
      hash: md5
      md5: ba353c7000d52dba37125a17eae4046f
      size: 3522169
    - path: src/model_evaluation.py
      hash: md5
      md5: 5a83d9a39e2d293bf3527f6e387e91f4
      size: 3832
    outs:
    - path: reports/metrics.json
      hash: md5
      md5: 53ab9c01aa4408be13aa176d8d20d148
      size: 145
