schema: '2.0'
stages:
  data_ingestion:
    cmd: python src/data_ingestion.py
    deps:
    - path: src/data_ingestion.py
      hash: md5
      md5: cdfa74e62c767bb60cdaf84946a913d3
      size: 2974
    params:
      params.yaml:
        data_ingestion.test_size: 0.2
    outs:
    - path: data/raw
      hash: md5
      md5: df26bfa3c9efbe95d2a3bab5ee13c164.dir
      size: 484846
      nfiles: 2
  data_preprocessing:
    cmd: python src/data_preprocessing.py
    deps:
    - path: data/raw
      hash: md5
      md5: df26bfa3c9efbe95d2a3bab5ee13c164.dir
      size: 484846
      nfiles: 2
    - path: src/data_preprocessing.py
      hash: md5
      md5: a79f458a054b6679985738075e3854cf
      size: 2491
    outs:
    - path: data/interim
      hash: md5
      md5: 099bb54081c54426dd1a5dfee214c1f6.dir
      size: 290539
      nfiles: 2
  feature_engineering:
    cmd: python src/feature_engineering.py
    deps:
    - path: data/interim
      hash: md5
      md5: 099bb54081c54426dd1a5dfee214c1f6.dir
      size: 290539
      nfiles: 2
    - path: src/feature_engineering.py
      hash: md5
      md5: 4364dd26049249792acba30ebcd8b81f
      size: 3001
    params:
      params.yaml:
        feature_engineering.max_features: 50
    outs:
    - path: data/processed
      hash: md5
      md5: fa0ddb94786109795e93e1887d3929f7.dir
      size: 1175917
      nfiles: 2
  model_building:
    cmd: python src/model_building.py
    deps:
    - path: data/processed
      hash: md5
      md5: fa0ddb94786109795e93e1887d3929f7.dir
      size: 1175917
      nfiles: 2
    - path: src/model_building.py
      hash: md5
      md5: 80f6c4fa671b76ff6c7a49f064a05e78
      size: 3156
    params:
      params.yaml:
        model_building.n_estimators: 100
        model_building.random_state: 42
    outs:
    - path: models/model.pkl
      hash: md5
      md5: eb92087e58584ec97d070e304e74ce9c
      size: 3514640
  model_evaluation:
    cmd: python src/model_evaluation.py
    deps:
    - path: models/model.pkl
      hash: md5
      md5: eb92087e58584ec97d070e304e74ce9c
      size: 3514640
    - path: src/model_evaluation.py
      hash: md5
      md5: 9fb9b4c36bc435df30c32dfa0bc647ab
      size: 3909
    outs:
    - path: reports/metrics.json
      hash: md5
      md5: 53ab9c01aa4408be13aa176d8d20d148
      size: 145
